
Microsoft Visual Studio Solution File, Format Version 12.00
# Visual Studio Version 17
VisualStudioVersion = 17.13.35919.96 d17.13
MinimumVisualStudioVersion = 10.0.40219.1
Project("{8BC9CEB8-8B4A-11D0-8D11-00A0C91BC942}") = "week01", "week01\week01.vcxproj", "{5A09B918-3419-4151-8952-E8A4A19A191D}"
EndProject
Global
	GlobalSection(SolutionConfigurationPlatforms) = preSolution
		Debug|x64 = Debug|x64
		Debug|x86 = Debug|x86
		Release|x64 = Release|x64
		Release|x86 = Release|x86
	EndGlobalSection
	GlobalSection(ProjectConfigurationPlatforms) = postSolution
		{5A09B918-3419-4151-8952-E8A4A19A191D}.Debug|x64.ActiveCfg = Debug|x64
		{5A09B918-3419-4151-8952-E8A4A19A191D}.Debug|x64.Build.0 = Debug|x64
		{5A09B918-3419-4151-8952-E8A4A19A191D}.Debug|x86.ActiveCfg = Debug|Win32
		{5A09B918-3419-4151-8952-E8A4A19A191D}.Debug|x86.Build.0 = Debug|Win32
		{5A09B918-3419-4151-8952-E8A4A19A191D}.Release|x64.ActiveCfg = Release|x64
		{5A09B918-3419-4151-8952-E8A4A19A191D}.Release|x64.Build.0 = Release|x64
		{5A09B918-3419-4151-8952-E8A4A19A191D}.Release|x86.ActiveCfg = Release|Win32
		{5A09B918-3419-4151-8952-E8A4A19A191D}.Release|x86.Build.0 = Release|Win32
	EndGlobalSection
	GlobalSection(SolutionProperties) = preSolution
		HideSolutionNode = FALSE
	EndGlobalSection
	GlobalSection(ExtensibilityGlobals) = postSolution
		SolutionGuid = {55F071D8-70F0-438B-A438-75F3B720A219}
	EndGlobalSection
EndGlobal
